# This file is autogenerated, do not edit; changes may be undone by the next 'dep ensure'.


[[projects]]
  digest = "1:7c6e4b3cb5313f2b8d8899deeadf7f5cdac7bcef880c84553e8b734bd32912ab"
  name = "cloud.google.com/go"
  packages = [
    "bigtable",
    "bigtable/internal/gax",
    "bigtable/internal/option",
    "compute/metadata",
    "internal/version",
    "longrunning",
    "longrunning/autogen",
  ]
  pruneopts = "NUT"
  revision = "56a4b816916d3e8616919a0d2c822bfef707de09"

[[projects]]
  branch = "master"
  digest = "1:622bc18c663f130b5b16abe3c723a5ce0f91413b0e59e1f2e319d8dae337ecb3"
  name = "github.com/Dieterbe/artisanalhistogram"
  packages = [
    "hist12h",
    "hist15s",
  ]
  pruneopts = "NUT"
  revision = "f61b7225d304620f6f2c5cbb21435d0957115429"

[[projects]]
  digest = "1:5e4d460c6a93b2091d07c2382bedd44539786b3e746946535741be9af156ec54"
  name = "github.com/Shopify/sarama"
  packages = ["."]
  pruneopts = "NUT"
  revision = "f7be6aa2bc7b2e38edf816b08b582782194a1c02"
  version = "v1.16.0"

[[projects]]
  digest = "1:70c7e0885c12d2b7177b240f7ddc7405a180cf2eff61fc133dd5f5185fb08735"
  name = "github.com/Unknwon/com"
  packages = ["."]
  pruneopts = "NUT"
  revision = "0db4a625e949e956314d7d1adea9bf82384cc10c"

[[projects]]
  branch = "master"
  digest = "1:0e6018235f1d4ced39395df0e23815f2a01d2de803658a881c789c3981dccecf"
  name = "github.com/alyu/configparser"
  packages = ["."]
  pruneopts = "NUT"
  revision = "c505e6011694d3c8c1accccea3c9f57eef22afb1"

[[projects]]
  digest = "1:cb0535f5823b47df7dcb9768ebb6c000b79ad115472910c70efe93c9ed9b2315"
  name = "github.com/beorn7/perks"
  packages = ["quantile"]
  pruneopts = "NUT"
  revision = "4c0e84591b9aa9e6dcfdf3e020114cd81f89d5f9"

[[projects]]
  branch = "master"
  digest = "1:8ecb89af7dfe3ac401bdb0c9390b134ef96a97e85f732d2b0604fb7b3977839f"
  name = "github.com/codahale/hdrhistogram"
  packages = ["."]
  pruneopts = "NUT"
  revision = "3a0bb77429bd3a61596f5e8a3172445844342120"

[[projects]]
  digest = "1:a2c1d0e43bd3baaa071d1b9ed72c27d78169b2b269f71c105ac4ba34b1be4a39"
  name = "github.com/davecgh/go-spew"
  packages = ["spew"]
  pruneopts = "NUT"
  revision = "346938d642f2ec3594ed81d874461961cd0faa76"
  version = "v1.1.0"

[[projects]]
  branch = "master"
  digest = "1:07e80adc1161a63d37f382328ebabbf4f50e027cfaadf718515c3f39a65eb18f"
  name = "github.com/dgryski/go-linlog"
  packages = ["."]
  pruneopts = "NUT"
  revision = "edcf2dfd90ff209a4434491d7f38e203b3163de2"

[[projects]]
  branch = "master"
  digest = "1:99f1b1a6d08214aa4a455e3ed3b20c0385e5d5eaa6f246f8230ee3679bd3fd98"
  name = "github.com/dgryski/go-tsz"
  packages = [
    ".",
    "testdata",
  ]
  pruneopts = "NUT"
  revision = "03b7d791f4fe79270d114e1ea6929332dbf028b7"

[[projects]]
  digest = "1:08143362be979b087c2c1bae5dde986e988d3d5d4dc661727cbe436411b3f33a"
  name = "github.com/eapache/go-resiliency"
  packages = ["breaker"]
  pruneopts = "NUT"
  revision = "b86b1ec0dd4209a588dc1285cdd471e73525c0b3"

[[projects]]
  digest = "1:0b70d299db64766a4ee7128f0f94944f2356ca9d3499c79123dbc3a1d2ba803e"
  name = "github.com/eapache/go-xerial-snappy"
  packages = ["."]
  pruneopts = "NUT"
  revision = "bb955e01b9346ac19dc29eb16586c90ded99a98c"

[[projects]]
  digest = "1:0d36a2b325b9e75f8057f7f9fbe778d348d70ba652cb9335485b69d1a5c4e038"
  name = "github.com/eapache/queue"
  packages = ["."]
  pruneopts = "NUT"
  revision = "44cc805cf13205b55f69e14bcb69867d1ae92f98"
  version = "v1.1.0"

[[projects]]
  branch = "master"
  digest = "1:420e0ed60c4ab01f2f6a18a064044d8e46349b778a0148e08a6dca42af514344"
  name = "github.com/glacjay/goini"
  packages = ["."]
  pruneopts = "NUT"
  revision = "fd3024d87ee21a36d3ccc4367f509fec89cd90ee"

[[projects]]
  branch = "master"
  digest = "1:682a0aca743a1a4a36697f3d7f86c0ed403c4e3a780db9935f633242855eac9c"
  name = "github.com/go-macaron/binding"
  packages = ["."]
  pruneopts = "NUT"
  revision = "ac54ee249c27dca7e76fad851a4a04b73bd1b183"

[[projects]]
  branch = "master"
  digest = "1:fb8711b648d1ff03104fc1d9593a13cb1d5120be7ba2b01641c14ccae286a9e3"
  name = "github.com/go-macaron/inject"
  packages = ["."]
  pruneopts = "NUT"
  revision = "d8a0b8677191f4380287cfebd08e462217bac7ad"

[[projects]]
  digest = "1:979fe3a10f3099e84e2f5a85df8c57fd8dcf0dbd925c2b83d7bcbaae7be5dc80"
  name = "github.com/gogo/protobuf"
  packages = [
    "gogoproto",
    "proto",
    "protoc-gen-gogo/descriptor",
    "sortkeys",
    "types",
  ]
  pruneopts = "NUT"
  revision = "160de10b2537169b5ae3e7e221d28269ef40d311"

[[projects]]
  digest = "1:78b8040ece2ff622580def2708b9eb0b2857711b6744c475439bf337e9c677ea"
  name = "github.com/golang/glog"
  packages = ["."]
  pruneopts = "NUT"
  revision = "44145f04b68cf362d9c4df2182967c2275eaefed"

[[projects]]
  digest = "1:6348a79dacae28c9dc9c861cb4a9b5e54f1ad470cd3c9a6757f45bc6473fa953"
  name = "github.com/golang/protobuf"
  packages = [
    "jsonpb",
    "proto",
    "protoc-gen-go/descriptor",
    "ptypes",
    "ptypes/any",
    "ptypes/duration",
    "ptypes/empty",
    "ptypes/struct",
    "ptypes/timestamp",
    "ptypes/wrappers",
  ]
  pruneopts = "NUT"
  revision = "b4deda0973fb4c70b50d226b1af49f3da59f5265"
  version = "v1.1.0"

[[projects]]
  digest = "1:9413ddbde906f91f062fda0dfa9a7cff43458cd1b2282c0fa25c61d89300b116"
  name = "github.com/golang/snappy"
  packages = ["."]
  pruneopts = "NUT"
  revision = "553a641470496b2327abcac10b36396bd98e45c9"

[[projects]]
  digest = "1:1e0f5b6f44f1d4df84f9d6e1e252237e08b2f25657874e0d3eaf6594f1fc9f59"
  name = "github.com/googleapis/gax-go"
  packages = ["."]
  pruneopts = "NUT"
  revision = "de2cc08e690b99dd3f7d19937d80d3d54e04682f"

[[projects]]
  digest = "1:f14d1b50e0075fb00177f12a96dd7addf93d1e2883c25befd17285b779549795"
  name = "github.com/gopherjs/gopherjs"
  packages = ["js"]
  pruneopts = "NUT"
  revision = "82b322028c96512b15077093b16a5f1c7ea897ac"

[[projects]]
  digest = "1:c01767916c59f084bb7c41a7d5877c0f3099b1595cfa066e84ec6ad6b084dd89"
  name = "github.com/gorilla/context"
  packages = ["."]
  pruneopts = "NUT"
  revision = "08b5f424b9271eedf6f9f0ce86cb9396ed337a42"
  version = "v1.1.1"

[[projects]]
  digest = "1:b54ca99db94a9478cdc17346c82fe6433ba9e553c9b1382018a1a98995ce910f"
  name = "github.com/gorilla/handlers"
  packages = ["."]
  pruneopts = "NUT"
  revision = "a4043c62cc2329bacda331d33fc908ab11ef0ec3"
  version = "v1.2.1"

[[projects]]
  digest = "1:0e950ce48bddac66636162f5ccf8002afe4e514fb19282ee802a25e39bdf417f"
  name = "github.com/gorilla/mux"
  packages = ["."]
  pruneopts = "NUT"
  revision = "4dbd923b0c9e99ff63ad54b0e9705ff92d3cdb06"

[[projects]]
  branch = "master"
  digest = "1:35772ed89320fd473d3ff0a434c155cfda5c577f91c4d31d78191275ef61b6c3"
  name = "github.com/grafana/globalconf"
  packages = ["."]
  pruneopts = "NUT"
  revision = "1dcfee16dd532cf6206e704d3ae6ca31ff4c6df7"

[[projects]]
  digest = "1:f810a1516f30c0f049a93c153430bc72b2197a434fa9731c30953150dcd72da6"
  name = "github.com/grafana/metrictank"
  packages = [
    "cluster/partitioner",
    "conf",
    "mdata/chunk",
    "stats",
    "util",
  ]
  pruneopts = "NUT"
  revision = "b8a746442edf15cc332db55570dee16589edee2e"

[[projects]]
  digest = "1:ad2b3db2f4438be7986ae0e4d065c8e18ffa8a7233297bd40e90f7881506b662"
  name = "github.com/grpc-ecosystem/grpc-gateway"
  packages = [
    "runtime",
    "runtime/internal",
    "utilities",
  ]
  pruneopts = "NUT"
  revision = "424b8e1b005f9af4d801572c93d500f056b9754e"

[[projects]]
  digest = "1:5587b8eb196f203befdd57c480905b85145af8cc1eddde17d4acc66524f8c42b"
  name = "github.com/jarcoal/httpmock"
  packages = ["."]
  pruneopts = "NUT"
  revision = "4442edb3db31196622da56482fd8d0fa375fba4d"

[[projects]]
  digest = "1:6ddab442e52381bab82fb6c07ef3f4b565ff7ec4b8fae96d8dd4b8573a460597"
  name = "github.com/jtolds/gls"
  packages = ["."]
  pruneopts = "NUT"
  revision = "77f18212c9c7edc9bd6a33d383a7b545ce62f064"
  version = "v4.2.1"

[[projects]]
  digest = "1:5985ef4caf91ece5d54817c11ea25f182697534f8ae6521eadcd628c142ac4b6"
  name = "github.com/matttproud/golang_protobuf_extensions"
  packages = ["pbutil"]
  pruneopts = "NUT"
  revision = "c12348ce28de40eed0136aa2b644d0ee0650e56c"
  version = "v1.0.1"

[[projects]]
  digest = "1:4bcf154f9a7d8a7ddd72f5aae7d05956ae926515053e1c13e6068bdb66a80b09"
  name = "github.com/metrics20/go-metrics20"
  packages = ["carbon20"]
  pruneopts = "NUT"
  revision = "55e770486f161cc83baf4e7178f7bb928dbc5716"

[[projects]]
  digest = "1:7da29c22bcc5c2ffb308324377dc00b5084650348c2799e573ed226d8cc9faf0"
  name = "github.com/opentracing/opentracing-go"
  packages = [
    ".",
    "ext",
    "log",
  ]
  pruneopts = "NUT"
  revision = "1949ddbfd147afd4d964a9f00b24eb291e0e7c38"
  version = "v1.0.2"

[[projects]]
  branch = "master"
  digest = "1:8fe179a5468c41a57dd75dcb283c1a81c4ca38a934380ff996437033d7d9509a"
  name = "github.com/oxtoacart/bpool"
  packages = ["."]
  pruneopts = "NUT"
  revision = "4e1c5567d7c2dd59fa4c7c83d34c2f3528b025d6"

[[projects]]
  digest = "1:51ea800cff51752ff68e12e04106f5887b4daec6f9356721238c28019f0b42db"
  name = "github.com/pelletier/go-toml"
  packages = ["."]
  pruneopts = "NUT"
  revision = "c01d1270ff3e442a8a57cddc1c92dc1138598194"
  version = "v1.2.0"

[[projects]]
  digest = "1:0714260dc2572b9dbc5d30780fa7640f397f5d3fd7683296391eb54581da31a1"
  name = "github.com/philhofer/fwd"
  packages = ["."]
  pruneopts = "NUT"
  revision = "98c11a7a6ec829d672b03833c3d69a7fae1ca972"

[[projects]]
  digest = "1:2e9ddd742d87f1ab60fed796af61d9dafb9c18e6246db8b5d70599bbd4667613"
  name = "github.com/pierrec/lz4"
  packages = ["."]
  pruneopts = "NUT"
  revision = "5a3d2245f97fc249850e7802e3c01fad02a1c316"

[[projects]]
  digest = "1:186e021e0c2fa61e181151d8b2fef4d2b6b217a55794bd591de73773b934a32a"
  name = "github.com/pierrec/xxHash"
  packages = ["xxHash32"]
  pruneopts = "NUT"
  revision = "5a004441f897722c627870a981d02b29924215fa"

[[projects]]
  digest = "1:5cf3f025cbee5951a4ee961de067c8a89fc95a5adabead774f82822efabab121"
  name = "github.com/pkg/errors"
  packages = ["."]
  pruneopts = "NUT"
  revision = "645ef00459ed84a119197bfb8d8205042c6df63d"
  version = "v0.8.0"

[[projects]]
  branch = "master"
  digest = "1:658acea2d4518050c998c458827b63a96b62170101f84c18c9e06131c31e2659"
  name = "github.com/prometheus/client_golang"
  packages = [
    "prometheus",
    "prometheus/internal",
    "prometheus/promauto",
    "prometheus/promhttp",
  ]
  pruneopts = "NUT"
  revision = "7866eead363ec334628dbc56e32df590a05f4696"

[[projects]]
  digest = "1:32d10bdfa8f09ecf13598324dba86ab891f11db3c538b6a34d1c3b5b99d7c36b"
  name = "github.com/prometheus/client_model"
  packages = ["go"]
  pruneopts = "NUT"
  revision = "99fa1f4be8e564e8a6b613da7fa6f46c9edafc6c"

[[projects]]
  digest = "1:4a6bb73eb5d7b8e67f25d22d87c84116cc69dfa80299dfd06622b8eee47917a8"
  name = "github.com/prometheus/common"
  packages = [
    "expfmt",
    "internal/bitbucket.org/ww/goautoneg",
    "model",
  ]
  pruneopts = "NUT"
  revision = "2e54d0b93cba2fd133edc32211dcc32c06ef72ca"

[[projects]]
  digest = "1:666a4c4cb94abb2022ffa52d41906556dcfe63029338266c813e0a75fe7533b0"
  name = "github.com/prometheus/procfs"
  packages = [
    ".",
    "xfs",
  ]
  pruneopts = "NUT"
  revision = "a6e9df898b1336106c743392c48ee0b71f5c4efa"

[[projects]]
  digest = "1:8b4115830ee06b0b44b97e75d0c97cdccc5ba666bfcdb3df890eff866aca9335"
  name = "github.com/prometheus/prometheus"
  packages = ["prompb"]
  pruneopts = "NUT"
  revision = "a9c93b8918eff08b47bef9dd7ade80dc04ff9d24"

[[projects]]
  branch = "v2"
  digest = "1:fa0c599501dcefc3812c5d24f493da9cb0ccc4f49d3500c3646ff2ce40a6936a"
  name = "github.com/raintank/dur"
  packages = ["."]
  pruneopts = "NUT"
  revision = "6ce9ec78e3a2ee918588104869369e5527aefe88"

[[projects]]
  digest = "1:d456de3a61bdb023a90d62584b5697f8a905cd82f002cbd683caa5aae1164d26"
  name = "github.com/raintank/schema"
  packages = [
    ".",
    "msg",
  ]
  pruneopts = "NUT"
  revision = "0140483a390ec5e52dd79c5d37c699d9cfe6c9f8"

[[projects]]
  digest = "1:1158ac9d990e9c34d577bc2bac6f0a07e104a3d28594fa9095f5447d1e4615d1"
  name = "github.com/raintank/worldping-api"
  packages = ["pkg/log"]
  pruneopts = "NUT"
  revision = "7902b21a7c4f303430c83b2c155c57d6d7dca62d"

[[projects]]
  digest = "1:0d095d4b1220902aec6896e23808fbcdfa5192dab96d5a31a443a8c47eabc326"
  name = "github.com/rcrowley/go-metrics"
  packages = ["."]
  pruneopts = "NUT"
  revision = "1f30fe9094a513ce4c700b9a54458bbb0c96996c"

[[projects]]
  digest = "1:6201742366c1518fc5f0df9ccdb4d193fc8a2aef2cc57bf164c9bca23bd5f869"
  name = "github.com/sirupsen/logrus"
  packages = ["."]
  pruneopts = "NUT"
  revision = "d682213848ed68c0a260ca37d6dd5ace8423f5ba"
  version = "v1.0.4"

[[projects]]
  digest = "1:1f0b284a6858827de4c27c66b49b2b25df3e16b031c2b57b7892273131e7dd2b"
  name = "github.com/smartystreets/assertions"
  packages = [
    ".",
    "internal/go-render/render",
    "internal/oglematchers",
  ]
  pruneopts = "NUT"
  revision = "7678a5452ebea5b7090a6b163f844c133f523da2"
  version = "1.8.3"

[[projects]]
  branch = "master"
  digest = "1:478ca6618bf268752597f11c05bbc2a1c212c642266d76bc62ed31004d7abc3a"
  name = "github.com/smartystreets/goconvey"
  packages = [
    "convey",
    "convey/gotest",
    "convey/reporting",
  ]
  pruneopts = "NUT"
  revision = "ef6db91d284a0e7badaa1f0c404c30aa7dee3aed"

[[projects]]
  digest = "1:eaa6698f44de8f2977e93c9b946e60a8af75f565058658aad2df8032b55c84e5"
  name = "github.com/tinylib/msgp"
  packages = ["msgp"]
  pruneopts = "NUT"
  revision = "b2b6a672cf1e5b90748f79b8b81fc8c5cf0571a1"
  version = "1.0.2"

[[projects]]
  digest = "1:87dee780f88f86f300bbd90116e933347cf4a3c65c1960072d412597a8896d50"
  name = "github.com/uber/jaeger-client-go"
  packages = [
    ".",
    "config",
    "internal/baggage",
    "internal/baggage/remote",
    "internal/spanlog",
    "internal/throttler",
    "internal/throttler/remote",
    "log",
    "rpcmetrics",
    "thrift",
    "thrift-gen/agent",
    "thrift-gen/baggage",
    "thrift-gen/jaeger",
    "thrift-gen/sampling",
    "thrift-gen/zipkincore",
    "transport",
    "utils",
  ]
  pruneopts = "NUT"
  revision = "1a782e2da844727691fef1757c72eb190c2909f0"
  version = "v2.15.0"

[[projects]]
  digest = "1:0f09db8429e19d57c8346ad76fbbc679341fa86073d3b8fb5ac919f0357d8f4c"
  name = "github.com/uber/jaeger-lib"
  packages = ["metrics"]
  pruneopts = "NUT"
  revision = "ed3a127ec5fef7ae9ea95b01b542c47fbd999ce5"
  version = "v1.5.0"

[[projects]]
  digest = "1:65f5fbc476a9d309d39358cca18cc8cc60c9a08d1e66f5a8d6dcc9ac3a948d70"
  name = "go.opencensus.io"
  packages = [
    "exporter/stackdriver/propagation",
    "internal",
    "internal/tagencoding",
    "plugin/ocgrpc",
    "plugin/ochttp",
    "plugin/ochttp/propagation/b3",
    "stats",
    "stats/internal",
    "stats/view",
    "tag",
    "trace",
    "trace/internal",
    "trace/propagation",
  ]
  pruneopts = "NUT"
  revision = "0095aec66ae14801c6711210f6f0716411cefdd3"
  version = "v0.8.0"

[[projects]]
  digest = "1:ddcaac7ce43856444af0804f779274fbb9399110c09ac73d72e4b1f1852e370c"
  name = "golang.org/x/crypto"
  packages = [
    "pbkdf2",
    "ssh/terminal",
  ]
  pruneopts = "NUT"
  revision = "e1a4589e7d3ea14a3352255d04b6f1a418845e5e"

[[projects]]
  digest = "1:332e2c4f0cdb6dc65216d6b77bd721bf7bc1e50128af5103eb17b72b6769df53"
  name = "golang.org/x/net"
  packages = [
    "context",
    "context/ctxhttp",
    "http/httpguts",
    "http2",
    "http2/hpack",
    "idna",
    "internal/timeseries",
    "lex/httplex",
    "trace",
  ]
  pruneopts = "NUT"
  revision = "5f9ae10d9af5b1c89ae6904293b14b064d4ada23"

[[projects]]
  digest = "1:46bd4e66bfce5e77f08fc2e8dcacc3676e679241ce83d9c150ff0397d686dd44"
  name = "golang.org/x/oauth2"
  packages = [
    ".",
    "google",
    "internal",
    "jws",
    "jwt",
  ]
  pruneopts = "NUT"
  revision = "6881fee410a5daf86371371f9ad451b95e168b71"

[[projects]]
  digest = "1:5676bcdf4687d6daa95eefa77eb053ed722934677159274f40b75193f3e01cb2"
  name = "golang.org/x/sys"
  packages = ["unix"]
  pruneopts = "NUT"
  revision = "810d7000345868fc619eb81f46307107118f4ae1"

[[projects]]
  digest = "1:e7071ed636b5422cc51c0e3a6cebc229d6c9fffc528814b519a980641422d619"
  name = "golang.org/x/text"
  packages = [
    "collate",
    "collate/build",
    "internal/colltab",
    "internal/gen",
    "internal/tag",
    "internal/triegen",
    "internal/ucd",
    "language",
    "secure/bidirule",
    "transform",
    "unicode/bidi",
    "unicode/cldr",
    "unicode/norm",
    "unicode/rangetable",
  ]
  pruneopts = "NUT"
  revision = "4e4a3210bb54bb31f6ab2cdca2edcc0b50c420c1"

[[projects]]
  digest = "1:286d3ed3b6c0d900ebef984bfab1b50b08f82a2f13ad9bb51e9be299f7f75200"
  name = "google.golang.org/api"
  packages = [
    "cloudresourcemanager/v1",
    "gensupport",
    "googleapi",
    "googleapi/internal/uritemplates",
    "googleapi/transport",
    "internal",
    "iterator",
    "option",
    "transport",
    "transport/grpc",
    "transport/http",
  ]
  pruneopts = "NUT"
  revision = "ee8cc1fe56761368e66676bb8262437bb035d116"

[[projects]]
  digest = "1:8c3e2c27453149f86189343a8d05f25e0e895e73e3b59b8e9aa0842d504f839b"
  name = "google.golang.org/appengine"
  packages = [
    ".",
    "internal",
    "internal/app_identity",
    "internal/base",
    "internal/datastore",
    "internal/log",
    "internal/modules",
    "internal/remote_api",
    "internal/socket",
    "internal/urlfetch",
    "socket",
    "urlfetch",
  ]
  pruneopts = "NUT"
  revision = "962cbd1200af94a5a35ba8d512e9f91271b4d01a"

[[projects]]
  digest = "1:2aeca6746a3c1d6a2475ca130f940a81554153fc47d12d2273b28ce97696691d"
  name = "google.golang.org/genproto"
  packages = [
    "googleapis/api/annotations",
    "googleapis/bigtable/admin/v2",
    "googleapis/bigtable/v2",
    "googleapis/iam/v1",
    "googleapis/longrunning",
    "googleapis/rpc/status",
    "protobuf/field_mask",
  ]
  pruneopts = "NUT"
  revision = "2b5a72b8730b0b16380010cfe5286c42108d88e7"

[[projects]]
  digest = "1:9f1d0a509dbb856e5a8bf337c69185f37bbae95d67926b180d2b77bedb3d7f20"
  name = "google.golang.org/grpc"
  packages = [
    ".",
    "balancer",
    "balancer/base",
    "balancer/roundrobin",
    "codes",
    "connectivity",
    "credentials",
    "credentials/oauth",
    "encoding",
    "encoding/proto",
    "grpclb/grpc_lb_v1/messages",
    "grpclog",
    "internal",
    "keepalive",
    "metadata",
    "naming",
    "peer",
    "resolver",
    "resolver/dns",
    "resolver/passthrough",
    "stats",
    "status",
    "tap",
    "transport",
  ]
  pruneopts = "NUT"
  revision = "dfa18343df54bda471a4b53677aa7c0d0df882d1"

[[projects]]
  digest = "1:e8b9a7174afc47b9c0e5a15acf39f682c32b5f85a68bd63d4c3b142a0eb8503b"
  name = "gopkg.in/ini.v1"
  packages = ["."]
  pruneopts = "NUT"
  revision = "36da989cdc560b989d8f195aec46214d33665d20"
  version = "v1.27.2"

[[projects]]
  digest = "1:3b0cf3a465fd07f76e5fc1a9d0783c662dac0de9fc73d713ebe162768fd87b5f"
  name = "gopkg.in/macaron.v1"
  packages = ["."]
  pruneopts = "NUT"
  revision = "c1be95e6d21e769e44e1ec33cec9da5837861c10"
  version = "v1.3.1"

[[projects]]
  digest = "1:307177a1a3587c1306ded93fd24fe47576cca4e51fcf7834bc4102a888c6d8fd"
  name = "gopkg.in/raintank/schema.v1"
  packages = ["."]
  pruneopts = "NUT"
  revision = "a323316458b5df84827551e9b6b5f61cb2de423b"
  version = "v1.4"

[solve-meta]
  analyzer-name = "dep"
  analyzer-version = 1
  input-imports = [
    "cloud.google.com/go/bigtable",
    "github.com/Shopify/sarama",
    "github.com/go-macaron/binding",
    "github.com/gogo/protobuf/proto",
    "github.com/golang/glog",
    "github.com/golang/snappy",
    "github.com/gorilla/handlers",
    "github.com/gorilla/mux",
    "github.com/grafana/globalconf",
    "github.com/grafana/metrictank/cluster/partitioner",
    "github.com/grafana/metrictank/conf",
    "github.com/grafana/metrictank/stats",
    "github.com/jarcoal/httpmock",
    "github.com/metrics20/go-metrics20/carbon20",
    "github.com/opentracing/opentracing-go",
    "github.com/opentracing/opentracing-go/ext",
    "github.com/opentracing/opentracing-go/log",
    "github.com/oxtoacart/bpool",
    "github.com/prometheus/client_golang/prometheus",
    "github.com/prometheus/client_golang/prometheus/promauto",
    "github.com/prometheus/client_golang/prometheus/promhttp",
    "github.com/prometheus/common/model",
    "github.com/prometheus/prometheus/prompb",
    "github.com/raintank/dur",
    "github.com/raintank/schema",
    "github.com/raintank/schema/msg",
    "github.com/sirupsen/logrus",
    "github.com/smartystreets/goconvey/convey",
    "github.com/tinylib/msgp/msgp",
    "github.com/uber/jaeger-client-go",
    "github.com/uber/jaeger-client-go/config",
    "github.com/uber/jaeger-client-go/log",
    "golang.org/x/net/context/ctxhttp",
    "gopkg.in/ini.v1",
    "gopkg.in/macaron.v1",
    "gopkg.in/raintank/schema.v1",
  ]
  solver-name = "gps-cdcl"
  solver-version = 1
